# This file was autogenerated by Juvix version 0.5.4.
# Do not edit this file manually.

version: 2
checksum: f92b4cfc517324f2c67abb6589676f4613f502acc23466cc211dc05db6d4c07f
dependencies:
- git:
    name: anoma_juvix-stdlib
    ref: f68b0614ad695eaa13ead42f3466e0a78219f826
    url: https://github.com/anoma/juvix-stdlib
  dependencies: []
