# This file was autogenerated by Juvix version 0.6.10-749821deacded64bce58176f1261089f1701a877.
# Do not edit this file manually.

version: 2
checksum: f00a13f70d597e206f44d152ba24b6898b258c39bdfe0aa46cc23ef60b446d23
dependencies:
- git:
    name: anoma_juvix-stdlib
    ref: 24988693716daa8476806a812e71ce229983f5fa
    url: https://github.com/anoma/juvix-stdlib
  dependencies: []
