# This file was autogenerated by Juvix version 0.6.3.
# Do not edit this file manually.

version: 2
checksum: 47c71c972224ba5403689459ddcd67691e73701956daeea7e4f41ee248dfc042
dependencies:
- git:
    name: anoma_juvix-containers
    ref: c4c7af9bdf36aa9d2dbdc7e0372dd9278f60ff26
    url: https://github.com/anoma/juvix-containers
  dependencies:
  - git:
      name: anoma_juvix-stdlib
      ref: 89a5960fb8a29291e9271986b98ca7b1edf4031b
      url: https://github.com/anoma/juvix-stdlib
    dependencies: []
- git:
    name: anoma_juvix-test
    ref: 4254b60351f283f31868498d4e238af8259243f8
    url: https://github.com/anoma/juvix-test
  dependencies:
  - git:
      name: anoma_juvix-stdlib
      ref: 89a5960fb8a29291e9271986b98ca7b1edf4031b
      url: https://github.com/anoma/juvix-stdlib
    dependencies: []
- git:
    name: anoma_juvix-quickcheck
    ref: 458953bc1f42d2c079848067faa7303945d03690
    url: https://github.com/anoma/juvix-quickcheck
  dependencies:
  - git:
      name: anoma_juvix-stdlib
      ref: 89a5960fb8a29291e9271986b98ca7b1edf4031b
      url: https://github.com/anoma/juvix-stdlib
    dependencies: []
- git:
    name: anoma_juvix-stdlib
    ref: 89a5960fb8a29291e9271986b98ca7b1edf4031b
    url: https://github.com/anoma/juvix-stdlib
  dependencies: []
