# This file was autogenerated by Juvix version 0.6.9.
# Do not edit this file manually.

version: 2
checksum: 8d026c805b15debbae84bf1db2278b0fe5c4708e1ae049a204c385259c437d5c
dependencies:
- git:
    name: anoma_juvix-stdlib
    ref: 01ff19f1135048be3402e094f2fc89406a44a995
    url: https://github.com/anoma/juvix-stdlib
  dependencies: []
