# This file was autogenerated by Juvix version 0.6.6.
# Do not edit this file manually.

version: 2
checksum: bad32c8248f45816dcfdbcc609d98ab8ee1820e9c46a6838d0f0019d012588d8
dependencies:
- git:
    name: anoma_juvix-stdlib
    ref: 615a02c8107076ca9661c5234d41792be91a5104
    url: https://github.com/anoma/juvix-stdlib
  dependencies: []
