# This file was autogenerated by Juvix version 0.5.4.
# Do not edit this file manually.

version: 2
checksum: e43d0e081114bf2f38987d11135e22173aee422371e766cc563ce3b04b44496a
dependencies:
- git:
    name: anoma_juvix-stdlib
    ref: f68b0614ad695eaa13ead42f3466e0a78219f826
    url: https://github.com/anoma/juvix-stdlib
  dependencies: []
