# This file was autogenerated by Juvix version 0.5.4.
# Do not edit this file manually.

version: 2
checksum: 67248f5d5ffc6ee1bb05da315b7a60ddb6e6f2256f88ff6f813b8fb0ce3b0566
dependencies:
- git:
    name: stdlib
    ref: f68b0614ad695eaa13ead42f3466e0a78219f826
    url: https://github.com/anoma/juvix-stdlib
  dependencies: []
- git:
    name: taiga-simulator
    ref: bcb9971b32aed93bdb1121182f41057d9625e0a9
    url: https://github.com/anoma/taiga-simulator
  dependencies:
  - git:
      name: stdlib
      ref: 8493ff47a0c2fad4542c8e75f5736060ae7da0a4
      url: https://github.com/anoma/juvix-stdlib
    dependencies: []
  - git:
      name: test
      ref: 3214a53b09a90fa77684a30d0fb2e14c202e99b5
      url: https://github.com/anoma/juvix-test
    dependencies:
    - git:
        name: stdlib
        ref: 8493ff47a0c2fad4542c8e75f5736060ae7da0a4
        url: https://github.com/anoma/juvix-stdlib
      dependencies: []
  - git:
      name: juvix-containers
      ref: 7458d586a93caf9cc0ff678ef019c776c9f9b09f
      url: https://github.com/anoma/juvix-containers
    dependencies:
    - git:
        name: stdlib
        ref: 8493ff47a0c2fad4542c8e75f5736060ae7da0a4
        url: https://github.com/anoma/juvix-stdlib
      dependencies: []
    - git:
        name: test
        ref: 3214a53b09a90fa77684a30d0fb2e14c202e99b5
        url: https://github.com/anoma/juvix-test
      dependencies:
      - git:
          name: stdlib
          ref: 8493ff47a0c2fad4542c8e75f5736060ae7da0a4
          url: https://github.com/anoma/juvix-stdlib
        dependencies: []
