# This file was autogenerated by Juvix version 0.6.10-749821deacded64bce58176f1261089f1701a877.
# Do not edit this file manually.

version: 2
checksum: d793a56b34d8b4e36ea647dd9821062f97abf71bc69c9956d7d63d33b9955e2b
dependencies:
- git:
    name: anoma_juvix-stdlib
    ref: d0ff76b36927f051b5572351a12ebba84cdb3aeb
    url: https://github.com/anoma/juvix-stdlib
  dependencies: []
