# This file was autogenerated by Juvix version 0.6.10-749821deacded64bce58176f1261089f1701a877.
# Do not edit this file manually.

version: 2
checksum: c654f87c78d0865bae5216f177ae19dc4a01edd04d44e59d60d1e53982d422df
dependencies:
- git:
    name: anoma_juvix-stdlib
    ref: 3021363e4297ad9ad9e5a05f1e75882b4cad59f4
    url: https://github.com/anoma/juvix-stdlib
  dependencies: []
