# This file was autogenerated by Juvix version 0.6.1.
# Do not edit this file manually.

version: 2
checksum: 553c8993db80e75ba42cc0288f8cf36f6128df2eb573b77f869610cd9e810d56
dependencies:
- git:
    name: anoma_juvix-containers
    ref: 4a4fd42d03a683a78d11326e91a4a593c4df1458
    url: https://github.com/anoma/juvix-containers
  dependencies:
  - git:
      name: anoma_juvix-stdlib
      ref: e2efe4e6fe8e8bf1766050a7fa7ad8ff4e8c69fc
      url: https://github.com/anoma/juvix-stdlib
    dependencies: []
- git:
    name: anoma_juvix-test
    ref: 341fc7f67f1290f0af5007e2fb1375770761fe29
    url: https://github.com/anoma/juvix-test
  dependencies:
  - git:
      name: anoma_juvix-stdlib
      ref: e2efe4e6fe8e8bf1766050a7fa7ad8ff4e8c69fc
      url: https://github.com/anoma/juvix-stdlib
    dependencies: []
- git:
    name: anoma_juvix-quickcheck
    ref: dc0d38950c4999659d0b3969047cfb926c49a4ee
    url: https://github.com/anoma/juvix-quickcheck
  dependencies:
  - git:
      name: anoma_juvix-stdlib
      ref: e2efe4e6fe8e8bf1766050a7fa7ad8ff4e8c69fc
      url: https://github.com/anoma/juvix-stdlib
    dependencies: []
- git:
    name: anoma_juvix-stdlib
    ref: e2efe4e6fe8e8bf1766050a7fa7ad8ff4e8c69fc
    url: https://github.com/anoma/juvix-stdlib
  dependencies: []
- git:
    name: anoma_abstract-resource-machine-simulator
    ref: 2fbb90b1282c249ea9cf87d212370561dc07f2d4
    url: https://github.com/anoma/abstract-resource-machine-simulator
  dependencies:
  - git:
      name: anoma_juvix-stdlib
      ref: e2efe4e6fe8e8bf1766050a7fa7ad8ff4e8c69fc
      url: https://github.com/anoma/juvix-stdlib
    dependencies: []
  - git:
      name: anoma_juvix-containers
      ref: 4a4fd42d03a683a78d11326e91a4a593c4df1458
      url: https://github.com/anoma/juvix-containers
    dependencies:
    - git:
        name: anoma_juvix-stdlib
        ref: e2efe4e6fe8e8bf1766050a7fa7ad8ff4e8c69fc
        url: https://github.com/anoma/juvix-stdlib
      dependencies: []
