# This file was autogenerated by Juvix version 0.5.2.
# Do not edit this file manually.

dependencies:
  - git:
      name: stdlib
      ref: 4facf14d9b2d06b81ce1be1882aa9050f768cb45
      url: https://github.com/anoma/juvix-stdlib
    dependencies: []
  - git:
      name: taiga-simulator
      ref: fd0ac317735bb2752e40f1fa0dd06b2de432bfd5
      url: https://github.com/anoma/taiga-simulator
    dependencies:
      - git:
          name: stdlib
          ref: 4facf14d9b2d06b81ce1be1882aa9050f768cb45
          url: https://github.com/anoma/juvix-stdlib
        dependencies: []
      - git:
          name: test
          ref: a7ac74cac0db92e0b5e349f279d797c3788cdfdd
          url: https://github.com/anoma/juvix-test
        dependencies:
          - git:
              name: stdlib
              ref: 4facf14d9b2d06b81ce1be1882aa9050f768cb45
              url: https://github.com/anoma/juvix-stdlib
            dependencies: []
      - git:
          name: juvix-containers
          ref: 2e988dee2651b780cc756082b04e70ed98efac55
          url: https://github.com/anoma/juvix-containers
        dependencies:
          - git:
              name: stdlib
              ref: 4facf14d9b2d06b81ce1be1882aa9050f768cb45
              url: https://github.com/anoma/juvix-stdlib
            dependencies: []
          - git:
              name: test
              ref: a7ac74cac0db92e0b5e349f279d797c3788cdfdd
              url: https://github.com/anoma/juvix-test
            dependencies:
              - git:
                  name: stdlib
                  ref: 4facf14d9b2d06b81ce1be1882aa9050f768cb45
                  url: https://github.com/anoma/juvix-stdlib
                dependencies: []
